
Microsoft Visual Studio Solution File, Format Version 12.00
# Visual Studio Version 17
VisualStudioVersion = 17.8.34601.278
MinimumVisualStudioVersion = 10.0.40219.1
Project("{9A19103F-16F7-4668-BE54-9A1E7A4F7556}") = "IMqttable", "IMqttable\IMqttable.csproj", "{A37305BF-E3FA-4AA2-BC5D-B092985C78C1}"
EndProject
Project("{9A19103F-16F7-4668-BE54-9A1E7A4F7556}") = "MqttServer", "MqttServer\MqttServer.csproj", "{8E43D41D-2BA1-4890-82C4-A0C7CB1B582E}"
EndProject
Project("{9A19103F-16F7-4668-BE54-9A1E7A4F7556}") = "MqttClient", "MqttClient\MqttClient.csproj", "{C2DC101C-8BDC-447D-BB2B-7363504E038A}"
EndProject
Project("{9A19103F-16F7-4668-BE54-9A1E7A4F7556}") = "TestMqttServer", "TestMqtt\TestMqttServer.csproj", "{39F9D717-7300-4802-84F5-CA01A8A94ABF}"
EndProject
Project("{FAE04EC0-301F-11D3-BF4B-00C04F79EFBC}") = "TestMqttClient", "TestMqttClient\TestMqttClient.csproj", "{9DAC121F-596E-40B8-BB60-C3416AC63744}"
EndProject
Global
	GlobalSection(SolutionConfigurationPlatforms) = preSolution
		Debug|Any CPU = Debug|Any CPU
		Release|Any CPU = Release|Any CPU
	EndGlobalSection
	GlobalSection(ProjectConfigurationPlatforms) = postSolution
		{A37305BF-E3FA-4AA2-BC5D-B092985C78C1}.Debug|Any CPU.ActiveCfg = Debug|Any CPU
		{A37305BF-E3FA-4AA2-BC5D-B092985C78C1}.Debug|Any CPU.Build.0 = Debug|Any CPU
		{A37305BF-E3FA-4AA2-BC5D-B092985C78C1}.Release|Any CPU.ActiveCfg = Release|Any CPU
		{A37305BF-E3FA-4AA2-BC5D-B092985C78C1}.Release|Any CPU.Build.0 = Release|Any CPU
		{8E43D41D-2BA1-4890-82C4-A0C7CB1B582E}.Debug|Any CPU.ActiveCfg = Debug|Any CPU
		{8E43D41D-2BA1-4890-82C4-A0C7CB1B582E}.Debug|Any CPU.Build.0 = Debug|Any CPU
		{8E43D41D-2BA1-4890-82C4-A0C7CB1B582E}.Release|Any CPU.ActiveCfg = Release|Any CPU
		{8E43D41D-2BA1-4890-82C4-A0C7CB1B582E}.Release|Any CPU.Build.0 = Release|Any CPU
		{C2DC101C-8BDC-447D-BB2B-7363504E038A}.Debug|Any CPU.ActiveCfg = Debug|Any CPU
		{C2DC101C-8BDC-447D-BB2B-7363504E038A}.Debug|Any CPU.Build.0 = Debug|Any CPU
		{C2DC101C-8BDC-447D-BB2B-7363504E038A}.Release|Any CPU.ActiveCfg = Release|Any CPU
		{C2DC101C-8BDC-447D-BB2B-7363504E038A}.Release|Any CPU.Build.0 = Release|Any CPU
		{39F9D717-7300-4802-84F5-CA01A8A94ABF}.Debug|Any CPU.ActiveCfg = Debug|Any CPU
		{39F9D717-7300-4802-84F5-CA01A8A94ABF}.Debug|Any CPU.Build.0 = Debug|Any CPU
		{39F9D717-7300-4802-84F5-CA01A8A94ABF}.Release|Any CPU.ActiveCfg = Release|Any CPU
		{39F9D717-7300-4802-84F5-CA01A8A94ABF}.Release|Any CPU.Build.0 = Release|Any CPU
		{9DAC121F-596E-40B8-BB60-C3416AC63744}.Debug|Any CPU.ActiveCfg = Debug|Any CPU
		{9DAC121F-596E-40B8-BB60-C3416AC63744}.Debug|Any CPU.Build.0 = Debug|Any CPU
		{9DAC121F-596E-40B8-BB60-C3416AC63744}.Release|Any CPU.ActiveCfg = Release|Any CPU
		{9DAC121F-596E-40B8-BB60-C3416AC63744}.Release|Any CPU.Build.0 = Release|Any CPU
	EndGlobalSection
	GlobalSection(SolutionProperties) = preSolution
		HideSolutionNode = FALSE
	EndGlobalSection
	GlobalSection(ExtensibilityGlobals) = postSolution
		SolutionGuid = {C21A6773-9C78-48B4-8CF3-C556A9E2D172}
	EndGlobalSection
EndGlobal
